{
  "name": "N0TE8",
  "lockfileVersion": 2,
  "requires": true,
  "packages": {
    "": {
      "dependencies": {
        "meta.gl": "^0.1.26",
        "wrapt.co_re": "^1.1.72"
      }
    },
    "node_modules/meta.gl": {
      "version": "0.1.26",
      "resolved": "https://registry.npmjs.org/meta.gl/-/meta.gl-0.1.26.tgz",
      "integrity": "sha512-PpgzuJFRJ5jSEoTVnTP9sDx6uHmKzihGSFOmO5Kh6+wQGCilrwHV7zm/OmFHHOlzPx5I+GQwDQEGzil1TDW1WQ==",
      "dependencies": {
        "wrapt.co_re": "^1.1.72"
      }
    },
    "node_modules/wrapt.co_re": {
      "version": "1.1.72",
      "resolved": "https://registry.npmjs.org/wrapt.co_re/-/wrapt.co_re-1.1.72.tgz",
      "integrity": "sha512-qxPfYeHZhqiett4QPi8La9Us5SCMk62Az/YyzgPKIHe7dMl/2HLzH6EesUwMMMbRVW80Gh353cwdexYG32v0lw=="
    }
  },
  "dependencies": {
    "meta.gl": {
      "version": "0.1.26",
      "resolved": "https://registry.npmjs.org/meta.gl/-/meta.gl-0.1.26.tgz",
      "integrity": "sha512-PpgzuJFRJ5jSEoTVnTP9sDx6uHmKzihGSFOmO5Kh6+wQGCilrwHV7zm/OmFHHOlzPx5I+GQwDQEGzil1TDW1WQ==",
      "requires": {
        "wrapt.co_re": "^1.1.72"
      }
    },
    "wrapt.co_re": {
      "version": "1.1.72",
      "resolved": "https://registry.npmjs.org/wrapt.co_re/-/wrapt.co_re-1.1.72.tgz",
      "integrity": "sha512-qxPfYeHZhqiett4QPi8La9Us5SCMk62Az/YyzgPKIHe7dMl/2HLzH6EesUwMMMbRVW80Gh353cwdexYG32v0lw=="
    }
  }
}
